
Microsoft Visual Studio Solution File, Format Version 12.00
# Visual Studio Version 16
VisualStudioVersion = 16.0.29806.167
MinimumVisualStudioVersion = 10.0.40219.1
Project("{FAE04EC0-301F-11D3-BF4B-00C04F79EFBC}") = "WPF 11C Check Box", "WPF 11C Check Box.csproj", "{B486967A-D208-4BA6-81E0-E6940448F7D6}"
EndProject
Global
	GlobalSection(SolutionConfigurationPlatforms) = preSolution
		Debug|Any CPU = Debug|Any CPU
		Release|Any CPU = Release|Any CPU
	EndGlobalSection
	GlobalSection(ProjectConfigurationPlatforms) = postSolution
		{B486967A-D208-4BA6-81E0-E6940448F7D6}.Debug|Any CPU.ActiveCfg = Debug|Any CPU
		{B486967A-D208-4BA6-81E0-E6940448F7D6}.Debug|Any CPU.Build.0 = Debug|Any CPU
		{B486967A-D208-4BA6-81E0-E6940448F7D6}.Release|Any CPU.ActiveCfg = Release|Any CPU
		{B486967A-D208-4BA6-81E0-E6940448F7D6}.Release|Any CPU.Build.0 = Release|Any CPU
	EndGlobalSection
	GlobalSection(SolutionProperties) = preSolution
		HideSolutionNode = FALSE
	EndGlobalSection
	GlobalSection(ExtensibilityGlobals) = postSolution
		SolutionGuid = {92E92EB3-4A85-4332-A53E-C81E4C627255}
	EndGlobalSection
EndGlobal
